
Microsoft Visual Studio Solution File, Format Version 12.00
# Visual Studio Version 17
VisualStudioVersion = 17.5.33414.496
MinimumVisualStudioVersion = 10.0.40219.1
Project("{9A19103F-16F7-4668-BE54-9A1E7A4F7556}") = "GetTheMiddleCharacter.BL", "GetTheMiddleCharacter.BL\GetTheMiddleCharacter.BL.csproj", "{944958D7-B971-499B-A4B2-F87871FF940D}"
EndProject
Project("{FAE04EC0-301F-11D3-BF4B-00C04F79EFBC}") = "GetTheMiddleCharacter.Test", "GetTheMiddleCharacter.Test\GetTheMiddleCharacter.Test.csproj", "{65D6277C-81D6-4658-AD9D-622C64D9582C}"
EndProject
Global
	GlobalSection(SolutionConfigurationPlatforms) = preSolution
		Debug|Any CPU = Debug|Any CPU
		Release|Any CPU = Release|Any CPU
	EndGlobalSection
	GlobalSection(ProjectConfigurationPlatforms) = postSolution
		{944958D7-B971-499B-A4B2-F87871FF940D}.Debug|Any CPU.ActiveCfg = Debug|Any CPU
		{944958D7-B971-499B-A4B2-F87871FF940D}.Debug|Any CPU.Build.0 = Debug|Any CPU
		{944958D7-B971-499B-A4B2-F87871FF940D}.Release|Any CPU.ActiveCfg = Release|Any CPU
		{944958D7-B971-499B-A4B2-F87871FF940D}.Release|Any CPU.Build.0 = Release|Any CPU
		{65D6277C-81D6-4658-AD9D-622C64D9582C}.Debug|Any CPU.ActiveCfg = Debug|Any CPU
		{65D6277C-81D6-4658-AD9D-622C64D9582C}.Debug|Any CPU.Build.0 = Debug|Any CPU
		{65D6277C-81D6-4658-AD9D-622C64D9582C}.Release|Any CPU.ActiveCfg = Release|Any CPU
		{65D6277C-81D6-4658-AD9D-622C64D9582C}.Release|Any CPU.Build.0 = Release|Any CPU
	EndGlobalSection
	GlobalSection(SolutionProperties) = preSolution
		HideSolutionNode = FALSE
	EndGlobalSection
	GlobalSection(ExtensibilityGlobals) = postSolution
		SolutionGuid = {7E26951B-746C-4D7C-9637-B0382DEBF1D6}
	EndGlobalSection
EndGlobal
